
Microsoft Visual Studio Solution File, Format Version 12.00
# Visual Studio Version 16
VisualStudioVersion = 16.0.31729.503
MinimumVisualStudioVersion = 10.0.40219.1
Project("{FAE04EC0-301F-11D3-BF4B-00C04F79EFBC}") = "Garage", "Garage.csproj", "{98E66192-7082-42ED-A667-93B31DDCCB20}"
EndProject
Global
	GlobalSection(SolutionConfigurationPlatforms) = preSolution
		Debug|Any CPU = Debug|Any CPU
		Release|Any CPU = Release|Any CPU
	EndGlobalSection
	GlobalSection(ProjectConfigurationPlatforms) = postSolution
		{98E66192-7082-42ED-A667-93B31DDCCB20}.Debug|Any CPU.ActiveCfg = Debug|Any CPU
		{98E66192-7082-42ED-A667-93B31DDCCB20}.Debug|Any CPU.Build.0 = Debug|Any CPU
		{98E66192-7082-42ED-A667-93B31DDCCB20}.Release|Any CPU.ActiveCfg = Release|Any CPU
		{98E66192-7082-42ED-A667-93B31DDCCB20}.Release|Any CPU.Build.0 = Release|Any CPU
	EndGlobalSection
	GlobalSection(SolutionProperties) = preSolution
		HideSolutionNode = FALSE
	EndGlobalSection
	GlobalSection(ExtensibilityGlobals) = postSolution
		SolutionGuid = {46E2B173-0215-4F4B-85C5-5F8B5623E27B}
	EndGlobalSection
EndGlobal
