
Microsoft Visual Studio Solution File, Format Version 12.00
# Visual Studio Version 16
VisualStudioVersion = 16.0.31729.503
MinimumVisualStudioVersion = 10.0.40219.1
Project("{FAE04EC0-301F-11D3-BF4B-00C04F79EFBC}") = "VillesRegions", "VillesRegions.csproj", "{C4508CE6-6074-4651-AE84-F0B0511C0D02}"
EndProject
Global
	GlobalSection(SolutionConfigurationPlatforms) = preSolution
		Debug|Any CPU = Debug|Any CPU
		Release|Any CPU = Release|Any CPU
	EndGlobalSection
	GlobalSection(ProjectConfigurationPlatforms) = postSolution
		{C4508CE6-6074-4651-AE84-F0B0511C0D02}.Debug|Any CPU.ActiveCfg = Debug|Any CPU
		{C4508CE6-6074-4651-AE84-F0B0511C0D02}.Debug|Any CPU.Build.0 = Debug|Any CPU
		{C4508CE6-6074-4651-AE84-F0B0511C0D02}.Release|Any CPU.ActiveCfg = Release|Any CPU
		{C4508CE6-6074-4651-AE84-F0B0511C0D02}.Release|Any CPU.Build.0 = Release|Any CPU
	EndGlobalSection
	GlobalSection(SolutionProperties) = preSolution
		HideSolutionNode = FALSE
	EndGlobalSection
	GlobalSection(ExtensibilityGlobals) = postSolution
		SolutionGuid = {F469BE5A-EB4B-4B0D-B378-9594E68623E7}
	EndGlobalSection
EndGlobal
