
Microsoft Visual Studio Solution File, Format Version 12.00
# Visual Studio Version 16
VisualStudioVersion = 16.0.31729.503
MinimumVisualStudioVersion = 10.0.40219.1
Project("{FAE04EC0-301F-11D3-BF4B-00C04F79EFBC}") = "ExoInterfaces", "ExoInterfaces.csproj", "{8C1DAE1A-4363-45AA-9537-61B80B3E6759}"
EndProject
Global
	GlobalSection(SolutionConfigurationPlatforms) = preSolution
		Debug|Any CPU = Debug|Any CPU
		Release|Any CPU = Release|Any CPU
	EndGlobalSection
	GlobalSection(ProjectConfigurationPlatforms) = postSolution
		{8C1DAE1A-4363-45AA-9537-61B80B3E6759}.Debug|Any CPU.ActiveCfg = Debug|Any CPU
		{8C1DAE1A-4363-45AA-9537-61B80B3E6759}.Debug|Any CPU.Build.0 = Debug|Any CPU
		{8C1DAE1A-4363-45AA-9537-61B80B3E6759}.Release|Any CPU.ActiveCfg = Release|Any CPU
		{8C1DAE1A-4363-45AA-9537-61B80B3E6759}.Release|Any CPU.Build.0 = Release|Any CPU
	EndGlobalSection
	GlobalSection(SolutionProperties) = preSolution
		HideSolutionNode = FALSE
	EndGlobalSection
	GlobalSection(ExtensibilityGlobals) = postSolution
		SolutionGuid = {665DD5C2-BC26-4E84-9971-9CBCC97181AE}
	EndGlobalSection
EndGlobal
