
Microsoft Visual Studio Solution File, Format Version 12.00
# Visual Studio Version 16
VisualStudioVersion = 16.0.31729.503
MinimumVisualStudioVersion = 10.0.40219.1
Project("{FAE04EC0-301F-11D3-BF4B-00C04F79EFBC}") = "Exercices", "Exercices\Exercices.csproj", "{74E279BA-2C6E-4631-A683-5703913AAC90}"
EndProject
Global
	GlobalSection(SolutionConfigurationPlatforms) = preSolution
		Debug|Any CPU = Debug|Any CPU
		Release|Any CPU = Release|Any CPU
	EndGlobalSection
	GlobalSection(ProjectConfigurationPlatforms) = postSolution
		{74E279BA-2C6E-4631-A683-5703913AAC90}.Debug|Any CPU.ActiveCfg = Debug|Any CPU
		{74E279BA-2C6E-4631-A683-5703913AAC90}.Debug|Any CPU.Build.0 = Debug|Any CPU
		{74E279BA-2C6E-4631-A683-5703913AAC90}.Release|Any CPU.ActiveCfg = Release|Any CPU
		{74E279BA-2C6E-4631-A683-5703913AAC90}.Release|Any CPU.Build.0 = Release|Any CPU
	EndGlobalSection
	GlobalSection(SolutionProperties) = preSolution
		HideSolutionNode = FALSE
	EndGlobalSection
	GlobalSection(ExtensibilityGlobals) = postSolution
		SolutionGuid = {8C6C9C3C-891F-4C12-94A7-186B27D7031D}
	EndGlobalSection
EndGlobal
