
Microsoft Visual Studio Solution File, Format Version 12.00
# Visual Studio Version 16
VisualStudioVersion = 16.0.31729.503
MinimumVisualStudioVersion = 10.0.40219.1
Project("{FAE04EC0-301F-11D3-BF4B-00C04F79EFBC}") = "regions", "regions.csproj", "{8FAA4C5D-38A1-48C4-B539-5C10A0A1CDFF}"
EndProject
Global
	GlobalSection(SolutionConfigurationPlatforms) = preSolution
		Debug|Any CPU = Debug|Any CPU
		Release|Any CPU = Release|Any CPU
	EndGlobalSection
	GlobalSection(ProjectConfigurationPlatforms) = postSolution
		{8FAA4C5D-38A1-48C4-B539-5C10A0A1CDFF}.Debug|Any CPU.ActiveCfg = Debug|Any CPU
		{8FAA4C5D-38A1-48C4-B539-5C10A0A1CDFF}.Debug|Any CPU.Build.0 = Debug|Any CPU
		{8FAA4C5D-38A1-48C4-B539-5C10A0A1CDFF}.Release|Any CPU.ActiveCfg = Release|Any CPU
		{8FAA4C5D-38A1-48C4-B539-5C10A0A1CDFF}.Release|Any CPU.Build.0 = Release|Any CPU
	EndGlobalSection
	GlobalSection(SolutionProperties) = preSolution
		HideSolutionNode = FALSE
	EndGlobalSection
	GlobalSection(ExtensibilityGlobals) = postSolution
		SolutionGuid = {760778F5-13CD-44E3-8C0E-B1DD2E49D9F6}
	EndGlobalSection
EndGlobal
